
Microsoft Visual Studio Solution File, Format Version 12.00
# Visual Studio 15
VisualStudioVersion = 15.0.28307.168
MinimumVisualStudioVersion = 10.0.40219.1
Project("{FAE04EC0-301F-11D3-BF4B-00C04F79EFBC}") = "WebApi.Botonera", "WebApi.Botonera\WebApi.Botonera.csproj", "{812F16AB-DF89-49E3-B23B-5E05A04C69C5}"
EndProject
Global
	GlobalSection(SolutionConfigurationPlatforms) = preSolution
		Debug|Any CPU = Debug|Any CPU
		Release|Any CPU = Release|Any CPU
	EndGlobalSection
	GlobalSection(ProjectConfigurationPlatforms) = postSolution
		{812F16AB-DF89-49E3-B23B-5E05A04C69C5}.Debug|Any CPU.ActiveCfg = Debug|Any CPU
		{812F16AB-DF89-49E3-B23B-5E05A04C69C5}.Debug|Any CPU.Build.0 = Debug|Any CPU
		{812F16AB-DF89-49E3-B23B-5E05A04C69C5}.Release|Any CPU.ActiveCfg = Release|Any CPU
		{812F16AB-DF89-49E3-B23B-5E05A04C69C5}.Release|Any CPU.Build.0 = Release|Any CPU
	EndGlobalSection
	GlobalSection(SolutionProperties) = preSolution
		HideSolutionNode = FALSE
	EndGlobalSection
	GlobalSection(ExtensibilityGlobals) = postSolution
		SolutionGuid = {C6BAE817-70D5-4465-85FB-9329B870EC17}
	EndGlobalSection
EndGlobal
